
Microsoft Visual Studio Solution File, Format Version 12.00
# Visual Studio Version 17
VisualStudioVersion = 17.5.002.0
MinimumVisualStudioVersion = 10.0.40219.1
Project("{9A19103F-16F7-4668-BE54-9A1E7A4F7556}") = "SearchForecastLines", "forecast\SearchForecastLines.csproj", "{CF739FC1-1B68-475B-8DE4-0B483D96084C}"
EndProject
Project("{2150E333-8FDC-42A3-9474-1A3956D46DE8}") = "sap-soap-connector", "sap-soap-connector", "{CBDFB034-EF96-42EC-93E4-A4D0ED92714E}"
EndProject
Project("{9A19103F-16F7-4668-BE54-9A1E7A4F7556}") = "DeleteSettings", "sap-soap-connector\DeleteSettings\DeleteSettings.csproj", "{283AACA5-4359-4806-AC6A-AD28B419581D}"
EndProject
Project("{9A19103F-16F7-4668-BE54-9A1E7A4F7556}") = "SetSettings", "sap-soap-connector\SetSettings\SetSettings.csproj", "{FDD9C330-B90B-4657-B7D7-1F2BDF132CFF}"
EndProject
Project("{9A19103F-16F7-4668-BE54-9A1E7A4F7556}") = "RefetchOrders", "sap-soap-connector\RefetchOrders\RefetchOrders.csproj", "{0EB78910-782A-46B1-9AB7-079F273E1F2C}"
EndProject
Project("{9A19103F-16F7-4668-BE54-9A1E7A4F7556}") = "FetchOrdersFileBatch", "sap-soap-connector\FetchOrdersFileBatch\FetchOrdersFileBatch.csproj", "{16A11C18-4DB6-4F7E-AB93-21374B824BC5}"
EndProject
Project("{9A19103F-16F7-4668-BE54-9A1E7A4F7556}") = "FetchPurchaseOrder", "sap-soap-connector\FetchPurchaseOrder\FetchPurchaseOrder.csproj", "{29F28BB2-249A-4E1C-92D4-66193BAAEAA1}"
EndProject
Project("{9A19103F-16F7-4668-BE54-9A1E7A4F7556}") = "GetSettings", "sap-soap-connector\GetSettings\GetSettings.csproj", "{BBCDB2B5-6302-4A84-AB0E-AFDDAE87221E}"
EndProject
Project("{9A19103F-16F7-4668-BE54-9A1E7A4F7556}") = "RefetchOrderLines", "sap-soap-connector\RefetchOrderLines\RefetchOrderLines.csproj", "{9B6979A6-22F8-4D39-B890-F76C634B6DE8}"
EndProject
Project("{2150E333-8FDC-42A3-9474-1A3956D46DE8}") = "order", "order", "{C859CA27-2F40-4E0B-BAAA-E24D07622F1B}"
EndProject
Project("{9A19103F-16F7-4668-BE54-9A1E7A4F7556}") = "ResendOrders", "order\ResendOrders\ResendOrders.csproj", "{696752F7-6EEB-44D3-BEA9-633421A8C4F1}"
EndProject
Project("{9A19103F-16F7-4668-BE54-9A1E7A4F7556}") = "FindOrderById", "order\FindOrderById\FindOrderById.csproj", "{6FF3F124-55C9-4996-9F23-1196CF36165E}"
EndProject
Project("{9A19103F-16F7-4668-BE54-9A1E7A4F7556}") = "RevertCancelledOrderLinesCsvBatch", "order\RevertCancelledOrderLinesCvsBatch\RevertCancelledOrderLinesCsvBatch.csproj", "{755D27E1-6C57-45BD-867D-0F1E76434E33}"
EndProject
Project("{9A19103F-16F7-4668-BE54-9A1E7A4F7556}") = "CleanUpInactiveOrders", "order\CleanUpInactiveOrders\CleanUpInactiveOrders.csproj", "{CA0381E3-5E0C-4B2F-BA28-B32787FB0B3F}"
EndProject
Project("{9A19103F-16F7-4668-BE54-9A1E7A4F7556}") = "SetDeliveryScheduleStatusBatch", "order\SetDeliveryScheduleStatusBatch\SetDeliveryScheduleStatusBatch.csproj", "{B77322F2-3710-49D9-83CD-20DB29A68B86}"
EndProject
Project("{9A19103F-16F7-4668-BE54-9A1E7A4F7556}") = "RevertCancelledOrderLine", "order\RevertCancelledOrderLine\RevertCancelledOrderLine.csproj", "{A6DBA0E7-CAD5-460F-A096-2DCB8AE605D3}"
EndProject
Project("{9A19103F-16F7-4668-BE54-9A1E7A4F7556}") = "PublishActiveOrder", "order\PublishActiveOrder\PublishActiveOrder.csproj", "{3A48659E-AE49-431A-B977-E2FB83C6C720}"
EndProject
Project("{9A19103F-16F7-4668-BE54-9A1E7A4F7556}") = "SetDeliverySchedule", "order\SetDeliverySchedule\SetDeliverySchedule.csproj", "{1A928545-E6EA-448C-8566-8BADF443073C}"
EndProject
Project("{2150E333-8FDC-42A3-9474-1A3956D46DE8}") = "order-search", "order-search", "{500B74B6-F481-40A9-817F-B2BD45EC8636}"
EndProject
Project("{9A19103F-16F7-4668-BE54-9A1E7A4F7556}") = "CleanCsvOrderLines", "order-search\CleanCsvOrderLines\CleanCsvOrderLines.csproj", "{8DCE3B42-2BB3-4F57-92CF-DD9AF237D55D}"
EndProject
Project("{9A19103F-16F7-4668-BE54-9A1E7A4F7556}") = "PollOrders", "order-search\PollOrders\PollOrders.csproj", "{43CC3A38-E2D6-4945-8253-41D6E03B6F6A}"
EndProject
Project("{9A19103F-16F7-4668-BE54-9A1E7A4F7556}") = "SearchOrders", "order-search\SearchOrders\SearchOrders.csproj", "{A2AC370E-A1BF-4635-A4C7-C941E49E7FAA}"
EndProject
Project("{9A19103F-16F7-4668-BE54-9A1E7A4F7556}") = "CleanSearchOrderLines", "order-search\CleanSearchOrderLines\CleanSearchOrderLines.csproj", "{132A0291-6D6F-46F9-B973-791068C6BB37}"
EndProject
Project("{2150E333-8FDC-42A3-9474-1A3956D46DE8}") = "api-connector", "api-connector", "{3E3A93F6-45B4-48B5-9273-F7BD11305A10}"
EndProject
Project("{9A19103F-16F7-4668-BE54-9A1E7A4F7556}") = "SendOrderLinesIndicatorsSearchBatch", "api-connector\SendOrderLinesIndicatorsSearchBatch\SendOrderLinesIndicatorsSearchBatch.csproj", "{B58302D3-663A-4B36-AE0A-FCE5F576E5A1}"
EndProject
Project("{9A19103F-16F7-4668-BE54-9A1E7A4F7556}") = "SendOrderResponse", "api-connector\SendOrderResponse\SendOrderResponse.csproj", "{B7FECA33-724E-45D2-8264-DDFB91617B70}"
EndProject
Project("{9A19103F-16F7-4668-BE54-9A1E7A4F7556}") = "SendOrderBatch", "api-connector\SendOrderBatch\SendOrderBatch.csproj", "{76835779-D738-40DC-A049-0B28FB164000}"
EndProject
Project("{9A19103F-16F7-4668-BE54-9A1E7A4F7556}") = "SendOrderResponseAcceptCsvBatch", "api-connector\SendOrderResponseAcceptCvsBatch\SendOrderResponseAcceptCsvBatch.csproj", "{E55199ED-8D1D-4132-80CB-765F606917FF}"
EndProject
Project("{9A19103F-16F7-4668-BE54-9A1E7A4F7556}") = "SendOrderDeliveries", "api-connector\SendOrderDeliveries\SendOrderDeliveries.csproj", "{687EA750-D7E1-4EC4-A954-728F0B69DE2D}"
EndProject
Project("{9A19103F-16F7-4668-BE54-9A1E7A4F7556}") = "SendSimpleOrder", "api-connector\SendSimpleOrder\SendSimpleOrder.csproj", "{E25F4E6E-E59E-4760-823D-B0D0C95AE654}"
EndProject
Project("{9A19103F-16F7-4668-BE54-9A1E7A4F7556}") = "SeedForecasts", "api-connector\SeedForecasts\SeedForecasts.csproj", "{960D6E05-24C4-454E-8E8E-F068CF1C18B1}"
EndProject
Project("{9A19103F-16F7-4668-BE54-9A1E7A4F7556}") = "SendOrderResponseCsvBatch", "api-connector\SendOrderResponseCsvBatch\SendOrderResponseCsvBatch.csproj", "{DFAC077F-D15C-4921-BCB6-B6498EEAD6B4}"
EndProject
Project("{9A19103F-16F7-4668-BE54-9A1E7A4F7556}") = "CompleteOrders", "api-connector\CompleteOrders\CompleteOrders.csproj", "{16310D94-212B-4486-B12E-8BDDC707674F}"
EndProject
Project("{9A19103F-16F7-4668-BE54-9A1E7A4F7556}") = "SendDespatchAdvice", "api-connector\SendDespatchAdvice\SendDespatchAdvice.csproj", "{AA51D4CB-7A2D-4DB8-B1C7-6C6CE153A60B}"
EndProject
Project("{9A19103F-16F7-4668-BE54-9A1E7A4F7556}") = "SendForecast", "api-connector\SendForecast\SendForecast.csproj", "{0892DE0C-0BDD-4C9F-9112-F2F859ECADFF}"
EndProject
Project("{9A19103F-16F7-4668-BE54-9A1E7A4F7556}") = "SendOrderIndicators", "api-connector\SendOrderIndicators\SendOrderIndicators.csproj", "{12FA3B55-1757-490A-BD04-6B57CD765B71}"
EndProject
Project("{9A19103F-16F7-4668-BE54-9A1E7A4F7556}") = "SendOrderResponseSearchBatch", "api-connector\SendOrderResponseSearchBatch\SendOrderResponseSearchBatch.csproj", "{5D6E834E-042E-4868-B700-765714B6948A}"
EndProject
Project("{9A19103F-16F7-4668-BE54-9A1E7A4F7556}") = "SendOrderIndicatorsCsvBatch", "api-connector\SendOrderIndicatorsCsvBatch\SendOrderIndicatorsCsvBatch.csproj", "{87FB1739-8954-46E8-8C0D-8D9A7D081408}"
EndProject
Project("{9A19103F-16F7-4668-BE54-9A1E7A4F7556}") = "SendOrderLinesIndicatorsCsvBatch", "api-connector\SendOrderLinesIndicatorsCsvBatch\SendOrderLinesIndicatorsCsvBatch.csproj", "{1C5A5178-90A3-41FC-B4C2-4404AD4D0D74}"
EndProject
Project("{9A19103F-16F7-4668-BE54-9A1E7A4F7556}") = "SendOrder", "api-connector\SendOrder\SendOrder.csproj", "{E7330CA9-AF09-41D3-A65B-DC1C23F01CC1}"
EndProject
Project("{9A19103F-16F7-4668-BE54-9A1E7A4F7556}") = "SendSlimstockForecast", "api-connector\SendSlimstockForecast\SendSlimstockForecast.csproj", "{4BB479B5-62DB-40BB-B931-A73008B282ED}"
EndProject
Project("{9A19103F-16F7-4668-BE54-9A1E7A4F7556}") = "AttachOrderDocuments", "api-connector\AttachOrderDocuments\AttachOrderDocuments.csproj", "{439ABDB7-0CF6-4D80-AE16-4467B78554B3}"
EndProject
Project("{9A19103F-16F7-4668-BE54-9A1E7A4F7556}") = "DeliverMigratedOrders", "api-connector\DeliverMigratedOrders\DeliverMigratedOrders.csproj", "{E519C0FB-6E43-4CAD-A1AF-7CBAB8A7CDE5}"
EndProject
Project("{9A19103F-16F7-4668-BE54-9A1E7A4F7556}") = "CompleteOrderLines", "api-connector\CompleteOrderLines\CompleteOrderLines.csproj", "{02D967D2-87AC-4B1F-9091-3DC46992D68F}"
EndProject
Project("{9A19103F-16F7-4668-BE54-9A1E7A4F7556}") = "SendOrderIndicatorsSearchBatch", "api-connector\SendOrderIndicatorsSearchBatch\SendOrderIndicatorsSearchBatch.csproj", "{F377588C-1998-4FD3-A4ED-6B3D2E95C679}"
EndProject
Project("{2150E333-8FDC-42A3-9474-1A3956D46DE8}") = "api-v1", "api-v1", "{383EB9F8-79A2-4711-8A19-40084738D550}"
EndProject
Project("{9A19103F-16F7-4668-BE54-9A1E7A4F7556}") = "AcknowledgeOrder", "api-v1\AcknowledgeOrder\AcknowledgeOrder.csproj", "{5BF40CE6-0FEB-4886-8322-47B0E5581F2B}"
EndProject
Project("{9A19103F-16F7-4668-BE54-9A1E7A4F7556}") = "ResendOrders", "api-v1\ResendOrders\ResendOrders.csproj", "{8AC7E5F0-E1A1-4C8C-9BEF-123D42217FEF}"
EndProject
Project("{9A19103F-16F7-4668-BE54-9A1E7A4F7556}") = "ExportOrderLines", "api-v1\ExportOrderLines\ExportOrderLines.csproj", "{E6F38869-BF18-4762-B47F-A4561D2017C1}"
EndProject
Project("{9A19103F-16F7-4668-BE54-9A1E7A4F7556}") = "MigrateSupplierIds", "api-v1\MigrateSupplierIds\MigrateSupplierIds.csproj", "{7223CB47-6F30-44EA-BEC7-1B77C72D7E00}"
EndProject
Project("{9A19103F-16F7-4668-BE54-9A1E7A4F7556}") = "CancelOrderLine", "api-v1\CancelOrderLine\CancelOrderLine.csproj", "{4EB3BB55-FBB4-45D6-855F-3930117E55E0}"
EndProject
Project("{9A19103F-16F7-4668-BE54-9A1E7A4F7556}") = "ConfirmOrderLine", "api-v1\ConfirmOrderLine\ConfirmOrderLine.csproj", "{988C3C95-05C8-47F6-8091-8A03556DACDA}"
EndProject
Project("{9A19103F-16F7-4668-BE54-9A1E7A4F7556}") = "MigrateTenant", "api-v1\MigrateTenant\MigrateTenant.csproj", "{FEF50826-C34A-4DFC-A366-4A18B9DB40A5}"
EndProject
Project("{9A19103F-16F7-4668-BE54-9A1E7A4F7556}") = "MigrateSuppliers", "api-v1\MigrateSuppliersOrders\MigrateSuppliers.csproj", "{8A49D917-5FD0-437C-A7EF-118E81E38E7C}"
EndProject
Project("{9A19103F-16F7-4668-BE54-9A1E7A4F7556}") = "ArchiveOrderLine", "api-v1\ArchiveOrderLine\ArchiveOrderLine.csproj", "{33AD4B59-5DB8-4E0D-A65D-46BACCCB6C27}"
EndProject
Project("{9A19103F-16F7-4668-BE54-9A1E7A4F7556}") = "SendOrder", "api-v1\SendOrder\SendOrder.csproj", "{3F81891C-46BD-4514-901C-F44D7984A3AC}"
EndProject
Project("{9A19103F-16F7-4668-BE54-9A1E7A4F7556}") = "AcknowledgeOrdersBatch", "api-v1\AcknowledgeOrdersBatch\AcknowledgeOrdersBatch.csproj", "{A42F8C4A-5EEF-45D0-9BC6-7EDD4DB5DECF}"
EndProject
Project("{9A19103F-16F7-4668-BE54-9A1E7A4F7556}") = "MigrateSuppliers (1)", "api-v1\MigrateSuppliers\MigrateSuppliers.csproj", "{3DE8940B-7E3F-4151-8698-D95787D341B9}"
EndProject
Project("{9A19103F-16F7-4668-BE54-9A1E7A4F7556}") = "ResendOrder", "api-v1\ResendOrder\ResendOrder.csproj", "{9FF5D82E-BFF1-43F7-A409-1ADCD22F0903}"
EndProject
Project("{9A19103F-16F7-4668-BE54-9A1E7A4F7556}") = "GetUnacknowledgedOrders", "api-v1\GetUnacknowledgedOrders\GetUnacknowledgedOrders.csproj", "{8EC3E885-73BF-4FA6-8BFE-E3A5625D9894}"
EndProject
Project("{2150E333-8FDC-42A3-9474-1A3956D46DE8}") = "sci-connector", "sci-connector", "{98D2E409-B686-42EC-897D-3059A128C028}"
EndProject
Project("{9A19103F-16F7-4668-BE54-9A1E7A4F7556}") = "SetSettings", "sci-connector\SetSettings\SetSettings.csproj", "{708DE054-881D-46AD-970D-3EFEDD6089D3}"
EndProject
Project("{9A19103F-16F7-4668-BE54-9A1E7A4F7556}") = "SendOrder", "sci-connector\SendOrder\SendOrder.csproj", "{AFB33AD8-B0EB-4863-A9C9-99337C405212}"
EndProject
Project("{9A19103F-16F7-4668-BE54-9A1E7A4F7556}") = "SendOrderWithFile", "sci-connector\SendOrderWithFile\SendOrderWithFile.csproj", "{40214E8F-1633-4B8D-99E8-73006226F85C}"
EndProject
Project("{2150E333-8FDC-42A3-9474-1A3956D46DE8}") = "user-search", "user-search", "{24C48E0F-25AA-4E9A-B9C6-2C2C367CE5C7}"
EndProject
Project("{9A19103F-16F7-4668-BE54-9A1E7A4F7556}") = "SearchUsers", "user-search\SearchUsers\SearchUsers.csproj", "{7BCC6B43-33AB-459E-8804-3AC9F020F8DE}"
EndProject
Project("{9A19103F-16F7-4668-BE54-9A1E7A4F7556}") = "FindUserById", "user-search\FindUserById\FindUserById.csproj", "{0040AE5C-0944-424F-B695-D0D3705CFBC2}"
EndProject
Project("{9A19103F-16F7-4668-BE54-9A1E7A4F7556}") = "FIndUserByEmail", "user-search\FindUserByEmail\FIndUserByEmail.csproj", "{8FAFE6E4-FE7C-4BA2-9C81-EE4BC53A8AD2}"
EndProject
Project("{2150E333-8FDC-42A3-9474-1A3956D46DE8}") = "user", "user", "{18324566-9041-4738-A130-62817420CC7E}"
EndProject
Project("{9A19103F-16F7-4668-BE54-9A1E7A4F7556}") = "AddUser", "user\AddUser\AddUser.csproj", "{1F4003A0-11EC-40ED-9E21-A300C2DBCCF0}"
EndProject
Project("{9A19103F-16F7-4668-BE54-9A1E7A4F7556}") = "FindUserById", "user\FindUserById\FindUserById.csproj", "{E4B65016-8AF0-4694-A232-1D88747EDA95}"
EndProject
Project("{9A19103F-16F7-4668-BE54-9A1E7A4F7556}") = "UpdateUsers", "user\UpdateUser\UpdateUsers.csproj", "{DCA428A2-0711-4276-95B6-E0E84F365DA4}"
EndProject
Project("{9A19103F-16F7-4668-BE54-9A1E7A4F7556}") = "UpdateUserRoles", "user\UpdateUserRoles\UpdateUserRoles.csproj", "{F434C809-21EC-4CB5-95F7-29FD29BAF2AA}"
EndProject
Project("{2150E333-8FDC-42A3-9474-1A3956D46DE8}") = "workflow", "workflow", "{A18241BD-1F55-4CFE-BA3A-DAE4A2634AD9}"
EndProject
Project("{9A19103F-16F7-4668-BE54-9A1E7A4F7556}") = "CloseAllOrderTasks", "workflow\CloseAllOrderTasks\CloseAllOrderTasks.csproj", "{76CA3AAE-268E-4308-8675-14BB03C3274D}"
EndProject
Project("{9A19103F-16F7-4668-BE54-9A1E7A4F7556}") = "FindOrderTasks", "workflow\FindOrderTasks\FindOrderTasks.csproj", "{4498CA9F-D8CC-4651-A642-D8C57FEE8875}"
EndProject
Project("{9A19103F-16F7-4668-BE54-9A1E7A4F7556}") = "CloseAllOrderTasksInES", "workflow\CloseAllOrderTasksInES\CloseAllOrderTasksInES.csproj", "{007FBABC-1594-4846-937E-C36FA7BAF2BF}"
EndProject
Project("{9A19103F-16F7-4668-BE54-9A1E7A4F7556}") = "CloseOrderTasksCsvBatch", "workflow\CloseOrderTasksCsvBatch\CloseOrderTasksCsvBatch.csproj", "{AB450B00-479B-4527-89B7-9E21A6576DCB}"
EndProject
Project("{9A19103F-16F7-4668-BE54-9A1E7A4F7556}") = "CloseOrderTasksSearchBatch", "workflow\CloseOrderTasksSearchBatch\CloseOrderTasksSearchBatch.csproj", "{69F17405-4D40-41C0-AD08-72B5B2203C02}"
EndProject
Project("{2150E333-8FDC-42A3-9474-1A3956D46DE8}") = "shipment", "shipment", "{326400BC-A103-4F1C-8700-CA62EAFE7732}"
EndProject
Project("{9A19103F-16F7-4668-BE54-9A1E7A4F7556}") = "SearchShipments", "shipment\SearchShipments\SearchShipments.csproj", "{5F3A553B-49A8-4554-8B2A-C04E32030C46}"
EndProject
Project("{9A19103F-16F7-4668-BE54-9A1E7A4F7556}") = "FindShipmentById", "shipment\FindShipmentById\FindShipmentById.csproj", "{4868EC59-9D36-4440-BE51-092BA087CB8D}"
EndProject
Project("{9A19103F-16F7-4668-BE54-9A1E7A4F7556}") = "ResendShipment", "shipment\ResendShipment\ResendShipment.csproj", "{F3F419F5-E903-4D46-BE77-C6FB11670392}"
EndProject
Project("{9A19103F-16F7-4668-BE54-9A1E7A4F7556}") = "UpsertShipment", "shipment\UpsertShipment\UpsertShipment.csproj", "{D29C4AA7-B0CE-496D-A03D-16E27BB9C5F4}"
EndProject
Project("{2150E333-8FDC-42A3-9474-1A3956D46DE8}") = "company", "company", "{B01F102D-3A91-4DC7-A26E-137EE484DF00}"
EndProject
Project("{9A19103F-16F7-4668-BE54-9A1E7A4F7556}") = "CreateCompany", "company\CreateCompany\CreateCompany.csproj", "{9AC7549B-64D9-458B-A722-679A8348DAAA}"
EndProject
Project("{9A19103F-16F7-4668-BE54-9A1E7A4F7556}") = "UpsertAccount", "company\UpsertAccount\UpsertAccount.csproj", "{5BCF4DCB-3BCA-4BC5-A30B-F29372DBB5D5}"
EndProject
Project("{9A19103F-16F7-4668-BE54-9A1E7A4F7556}") = "FindAccountByCode", "company\FindAccountByCode\FindAccountByCode.csproj", "{EC72D3C8-909E-40E0-B97B-606418997565}"
EndProject
Project("{9A19103F-16F7-4668-BE54-9A1E7A4F7556}") = "FindCompanyById", "company\FindCompanyById\FindCompanyById.csproj", "{06597B21-FA20-4D1A-A520-0679287AA572}"
EndProject
Project("{2150E333-8FDC-42A3-9474-1A3956D46DE8}") = "order-webhook-connector", "order-webhook-connector", "{B3052874-F8A3-4C75-B5B1-06A452CD6002}"
EndProject
Project("{9A19103F-16F7-4668-BE54-9A1E7A4F7556}") = "SetOrderEventsSettings", "order-webhook-connector\SetOrderEventsSettings\SetOrderEventsSettings.csproj", "{1871D562-32C0-4A4F-87ED-2C9E67619017}"
EndProject
Project("{9A19103F-16F7-4668-BE54-9A1E7A4F7556}") = "SetOrderDocumentsEventsSettings", "order-webhook-connector\SetOrderDocumentsEventsSettings\SetOrderDocumentsEventsSettings.csproj", "{1E057CFE-E2FC-4B7C-8F5B-9F72F8CA83FD}"
EndProject
Project("{9A19103F-16F7-4668-BE54-9A1E7A4F7556}") = "GetSettings", "order-webhook-connector\GetSettings\GetSettings.csproj", "{0B4A1C1B-F497-4453-89AE-4970CF49E046}"
EndProject
Project("{2150E333-8FDC-42A3-9474-1A3956D46DE8}") = "authentication", "authentication", "{CE05D5EA-D7E7-4A6A-A872-10E5F1A73345}"
EndProject
Project("{9A19103F-16F7-4668-BE54-9A1E7A4F7556}") = "authentication", "authentication\Authentication\authentication.csproj", "{12E2F284-7798-4048-948B-FF553B83FAA3}"
EndProject
Project("{9A19103F-16F7-4668-BE54-9A1E7A4F7556}") = "Disable2FABySupport", "authentication\Disable2FABySupport\Disable2FABySupport.csproj", "{13E530DB-D2F5-4911-91E1-DD5FB22CC1C4}"
EndProject
Project("{9A19103F-16F7-4668-BE54-9A1E7A4F7556}") = "FindIdentityByEmail", "authentication\FindIdentityByEmail\FindIdentityByEmail.csproj", "{D7B5262C-1D2E-4D59-A8A8-3E22620CB6E4}"
EndProject
Project("{9A19103F-16F7-4668-BE54-9A1E7A4F7556}") = "AddAuthorizedCompany", "authentication\AddAuthorizedCompany\AddAuthorizedCompany.csproj", "{2624531F-D443-4A5C-8A68-B02A1FD1347B}"
EndProject
Project("{9A19103F-16F7-4668-BE54-9A1E7A4F7556}") = "AddIdentity", "authentication\AddIdentity\AddIdentity.csproj", "{8BDB2A41-BB01-4D82-A92C-D594C8BF3112}"
EndProject
Project("{2150E333-8FDC-42A3-9474-1A3956D46DE8}") = "migration", "migration", "{AC83AFF2-2406-4690-917A-D36FCA1087F2}"
EndProject
Project("{9A19103F-16F7-4668-BE54-9A1E7A4F7556}") = "AddWhitelists", "migration\whitelists\AddWhitelists.csproj", "{3845349C-8100-4B39-A4A4-38B28EED9A3B}"
EndProject
Project("{9A19103F-16F7-4668-BE54-9A1E7A4F7556}") = "MigrateCompany", "migration\company\MigrateCompany.csproj", "{BB1E6C3C-8578-4292-8A5C-F2B0FE54B0BB}"
EndProject
Project("{9A19103F-16F7-4668-BE54-9A1E7A4F7556}") = "MigratePurchaseOrder", "migration\purchaseOrder\MigratePurchaseOrder.csproj", "{D454E835-2428-4AD8-B90C-DDE8D78578B0}"
EndProject
Project("{2150E333-8FDC-42A3-9474-1A3956D46DE8}") = "conversation", "conversation", "{35CADCC6-812C-4B8E-BD1F-707A417BB677}"
EndProject
Project("{9A19103F-16F7-4668-BE54-9A1E7A4F7556}") = "CreateConversations", "conversation\CreateConversations\CreateConversations.csproj", "{B253AEEA-BC48-4BFA-A99E-DF8B41FA2EB8}"
EndProject
Project("{9A19103F-16F7-4668-BE54-9A1E7A4F7556}") = "CreateConversation", "conversation\CreateConversation\CreateConversation.csproj", "{FA98C5C0-3A1D-4FE0-AD49-D88138408DDF}"
EndProject
Project("{9A19103F-16F7-4668-BE54-9A1E7A4F7556}") = "GetConversationById", "conversation\GetConversationById\GetConversationById.csproj", "{63B49631-5186-4191-8386-7B5B39886B42}"
EndProject
Project("{2150E333-8FDC-42A3-9474-1A3956D46DE8}") = "object-storage", "object-storage", "{681AA2C7-E3A0-41E6-9574-A8CD4CE35AB9}"
EndProject
Project("{9A19103F-16F7-4668-BE54-9A1E7A4F7556}") = "DownloadDocumentS3", "object-storage\DownloadDocumentS3\DownloadDocumentS3.csproj", "{906F1182-09D9-4B56-861B-4BC486B68A15}"
EndProject
Project("{9A19103F-16F7-4668-BE54-9A1E7A4F7556}") = "DownloadDocumentProxy", "object-storage\DownloadDocumentProxy\DownloadDocumentProxy.csproj", "{820EE29C-B848-4473-BECF-430F9BCD2CCE}"
EndProject
Project("{9A19103F-16F7-4668-BE54-9A1E7A4F7556}") = "UploadDocument", "object-storage\UploadDocument\UploadDocument.csproj", "{0C2C4F84-ADFB-4135-B443-126E62AF605D}"
EndProject
Project("{9A19103F-16F7-4668-BE54-9A1E7A4F7556}") = "ObjectStorage", "object-storage\ObjectStorage\ObjectStorage.csproj", "{46D992D3-51E2-4162-A291-12B3E1C5AC1C}"
EndProject
Global
	GlobalSection(SolutionConfigurationPlatforms) = preSolution
		Debug|Any CPU = Debug|Any CPU
		Release|Any CPU = Release|Any CPU
	EndGlobalSection
	GlobalSection(ProjectConfigurationPlatforms) = postSolution
		{CF739FC1-1B68-475B-8DE4-0B483D96084C}.Debug|Any CPU.ActiveCfg = Debug|Any CPU
		{CF739FC1-1B68-475B-8DE4-0B483D96084C}.Debug|Any CPU.Build.0 = Debug|Any CPU
		{CF739FC1-1B68-475B-8DE4-0B483D96084C}.Release|Any CPU.ActiveCfg = Release|Any CPU
		{CF739FC1-1B68-475B-8DE4-0B483D96084C}.Release|Any CPU.Build.0 = Release|Any CPU
		{283AACA5-4359-4806-AC6A-AD28B419581D}.Debug|Any CPU.ActiveCfg = Debug|Any CPU
		{283AACA5-4359-4806-AC6A-AD28B419581D}.Debug|Any CPU.Build.0 = Debug|Any CPU
		{283AACA5-4359-4806-AC6A-AD28B419581D}.Release|Any CPU.ActiveCfg = Release|Any CPU
		{283AACA5-4359-4806-AC6A-AD28B419581D}.Release|Any CPU.Build.0 = Release|Any CPU
		{FDD9C330-B90B-4657-B7D7-1F2BDF132CFF}.Debug|Any CPU.ActiveCfg = Debug|Any CPU
		{FDD9C330-B90B-4657-B7D7-1F2BDF132CFF}.Debug|Any CPU.Build.0 = Debug|Any CPU
		{FDD9C330-B90B-4657-B7D7-1F2BDF132CFF}.Release|Any CPU.ActiveCfg = Release|Any CPU
		{FDD9C330-B90B-4657-B7D7-1F2BDF132CFF}.Release|Any CPU.Build.0 = Release|Any CPU
		{0EB78910-782A-46B1-9AB7-079F273E1F2C}.Debug|Any CPU.ActiveCfg = Debug|Any CPU
		{0EB78910-782A-46B1-9AB7-079F273E1F2C}.Debug|Any CPU.Build.0 = Debug|Any CPU
		{0EB78910-782A-46B1-9AB7-079F273E1F2C}.Release|Any CPU.ActiveCfg = Release|Any CPU
		{0EB78910-782A-46B1-9AB7-079F273E1F2C}.Release|Any CPU.Build.0 = Release|Any CPU
		{16A11C18-4DB6-4F7E-AB93-21374B824BC5}.Debug|Any CPU.ActiveCfg = Debug|Any CPU
		{16A11C18-4DB6-4F7E-AB93-21374B824BC5}.Debug|Any CPU.Build.0 = Debug|Any CPU
		{16A11C18-4DB6-4F7E-AB93-21374B824BC5}.Release|Any CPU.ActiveCfg = Release|Any CPU
		{16A11C18-4DB6-4F7E-AB93-21374B824BC5}.Release|Any CPU.Build.0 = Release|Any CPU
		{29F28BB2-249A-4E1C-92D4-66193BAAEAA1}.Debug|Any CPU.ActiveCfg = Debug|Any CPU
		{29F28BB2-249A-4E1C-92D4-66193BAAEAA1}.Debug|Any CPU.Build.0 = Debug|Any CPU
		{29F28BB2-249A-4E1C-92D4-66193BAAEAA1}.Release|Any CPU.ActiveCfg = Release|Any CPU
		{29F28BB2-249A-4E1C-92D4-66193BAAEAA1}.Release|Any CPU.Build.0 = Release|Any CPU
		{BBCDB2B5-6302-4A84-AB0E-AFDDAE87221E}.Debug|Any CPU.ActiveCfg = Debug|Any CPU
		{BBCDB2B5-6302-4A84-AB0E-AFDDAE87221E}.Debug|Any CPU.Build.0 = Debug|Any CPU
		{BBCDB2B5-6302-4A84-AB0E-AFDDAE87221E}.Release|Any CPU.ActiveCfg = Release|Any CPU
		{BBCDB2B5-6302-4A84-AB0E-AFDDAE87221E}.Release|Any CPU.Build.0 = Release|Any CPU
		{9B6979A6-22F8-4D39-B890-F76C634B6DE8}.Debug|Any CPU.ActiveCfg = Debug|Any CPU
		{9B6979A6-22F8-4D39-B890-F76C634B6DE8}.Debug|Any CPU.Build.0 = Debug|Any CPU
		{9B6979A6-22F8-4D39-B890-F76C634B6DE8}.Release|Any CPU.ActiveCfg = Release|Any CPU
		{9B6979A6-22F8-4D39-B890-F76C634B6DE8}.Release|Any CPU.Build.0 = Release|Any CPU
		{696752F7-6EEB-44D3-BEA9-633421A8C4F1}.Debug|Any CPU.ActiveCfg = Debug|Any CPU
		{696752F7-6EEB-44D3-BEA9-633421A8C4F1}.Debug|Any CPU.Build.0 = Debug|Any CPU
		{696752F7-6EEB-44D3-BEA9-633421A8C4F1}.Release|Any CPU.ActiveCfg = Release|Any CPU
		{696752F7-6EEB-44D3-BEA9-633421A8C4F1}.Release|Any CPU.Build.0 = Release|Any CPU
		{6FF3F124-55C9-4996-9F23-1196CF36165E}.Debug|Any CPU.ActiveCfg = Debug|Any CPU
		{6FF3F124-55C9-4996-9F23-1196CF36165E}.Debug|Any CPU.Build.0 = Debug|Any CPU
		{6FF3F124-55C9-4996-9F23-1196CF36165E}.Release|Any CPU.ActiveCfg = Release|Any CPU
		{6FF3F124-55C9-4996-9F23-1196CF36165E}.Release|Any CPU.Build.0 = Release|Any CPU
		{755D27E1-6C57-45BD-867D-0F1E76434E33}.Debug|Any CPU.ActiveCfg = Debug|Any CPU
		{755D27E1-6C57-45BD-867D-0F1E76434E33}.Debug|Any CPU.Build.0 = Debug|Any CPU
		{755D27E1-6C57-45BD-867D-0F1E76434E33}.Release|Any CPU.ActiveCfg = Release|Any CPU
		{755D27E1-6C57-45BD-867D-0F1E76434E33}.Release|Any CPU.Build.0 = Release|Any CPU
		{CA0381E3-5E0C-4B2F-BA28-B32787FB0B3F}.Debug|Any CPU.ActiveCfg = Debug|Any CPU
		{CA0381E3-5E0C-4B2F-BA28-B32787FB0B3F}.Debug|Any CPU.Build.0 = Debug|Any CPU
		{CA0381E3-5E0C-4B2F-BA28-B32787FB0B3F}.Release|Any CPU.ActiveCfg = Release|Any CPU
		{CA0381E3-5E0C-4B2F-BA28-B32787FB0B3F}.Release|Any CPU.Build.0 = Release|Any CPU
		{B77322F2-3710-49D9-83CD-20DB29A68B86}.Debug|Any CPU.ActiveCfg = Debug|Any CPU
		{B77322F2-3710-49D9-83CD-20DB29A68B86}.Debug|Any CPU.Build.0 = Debug|Any CPU
		{B77322F2-3710-49D9-83CD-20DB29A68B86}.Release|Any CPU.ActiveCfg = Release|Any CPU
		{B77322F2-3710-49D9-83CD-20DB29A68B86}.Release|Any CPU.Build.0 = Release|Any CPU
		{A6DBA0E7-CAD5-460F-A096-2DCB8AE605D3}.Debug|Any CPU.ActiveCfg = Debug|Any CPU
		{A6DBA0E7-CAD5-460F-A096-2DCB8AE605D3}.Debug|Any CPU.Build.0 = Debug|Any CPU
		{A6DBA0E7-CAD5-460F-A096-2DCB8AE605D3}.Release|Any CPU.ActiveCfg = Release|Any CPU
		{A6DBA0E7-CAD5-460F-A096-2DCB8AE605D3}.Release|Any CPU.Build.0 = Release|Any CPU
		{3A48659E-AE49-431A-B977-E2FB83C6C720}.Debug|Any CPU.ActiveCfg = Debug|Any CPU
		{3A48659E-AE49-431A-B977-E2FB83C6C720}.Debug|Any CPU.Build.0 = Debug|Any CPU
		{3A48659E-AE49-431A-B977-E2FB83C6C720}.Release|Any CPU.ActiveCfg = Release|Any CPU
		{3A48659E-AE49-431A-B977-E2FB83C6C720}.Release|Any CPU.Build.0 = Release|Any CPU
		{1A928545-E6EA-448C-8566-8BADF443073C}.Debug|Any CPU.ActiveCfg = Debug|Any CPU
		{1A928545-E6EA-448C-8566-8BADF443073C}.Debug|Any CPU.Build.0 = Debug|Any CPU
		{1A928545-E6EA-448C-8566-8BADF443073C}.Release|Any CPU.ActiveCfg = Release|Any CPU
		{1A928545-E6EA-448C-8566-8BADF443073C}.Release|Any CPU.Build.0 = Release|Any CPU
		{8DCE3B42-2BB3-4F57-92CF-DD9AF237D55D}.Debug|Any CPU.ActiveCfg = Debug|Any CPU
		{8DCE3B42-2BB3-4F57-92CF-DD9AF237D55D}.Debug|Any CPU.Build.0 = Debug|Any CPU
		{8DCE3B42-2BB3-4F57-92CF-DD9AF237D55D}.Release|Any CPU.ActiveCfg = Release|Any CPU
		{8DCE3B42-2BB3-4F57-92CF-DD9AF237D55D}.Release|Any CPU.Build.0 = Release|Any CPU
		{43CC3A38-E2D6-4945-8253-41D6E03B6F6A}.Debug|Any CPU.ActiveCfg = Debug|Any CPU
		{43CC3A38-E2D6-4945-8253-41D6E03B6F6A}.Debug|Any CPU.Build.0 = Debug|Any CPU
		{43CC3A38-E2D6-4945-8253-41D6E03B6F6A}.Release|Any CPU.ActiveCfg = Release|Any CPU
		{43CC3A38-E2D6-4945-8253-41D6E03B6F6A}.Release|Any CPU.Build.0 = Release|Any CPU
		{A2AC370E-A1BF-4635-A4C7-C941E49E7FAA}.Debug|Any CPU.ActiveCfg = Debug|Any CPU
		{A2AC370E-A1BF-4635-A4C7-C941E49E7FAA}.Debug|Any CPU.Build.0 = Debug|Any CPU
		{A2AC370E-A1BF-4635-A4C7-C941E49E7FAA}.Release|Any CPU.ActiveCfg = Release|Any CPU
		{A2AC370E-A1BF-4635-A4C7-C941E49E7FAA}.Release|Any CPU.Build.0 = Release|Any CPU
		{132A0291-6D6F-46F9-B973-791068C6BB37}.Debug|Any CPU.ActiveCfg = Debug|Any CPU
		{132A0291-6D6F-46F9-B973-791068C6BB37}.Debug|Any CPU.Build.0 = Debug|Any CPU
		{132A0291-6D6F-46F9-B973-791068C6BB37}.Release|Any CPU.ActiveCfg = Release|Any CPU
		{132A0291-6D6F-46F9-B973-791068C6BB37}.Release|Any CPU.Build.0 = Release|Any CPU
		{B58302D3-663A-4B36-AE0A-FCE5F576E5A1}.Debug|Any CPU.ActiveCfg = Debug|Any CPU
		{B58302D3-663A-4B36-AE0A-FCE5F576E5A1}.Debug|Any CPU.Build.0 = Debug|Any CPU
		{B58302D3-663A-4B36-AE0A-FCE5F576E5A1}.Release|Any CPU.ActiveCfg = Release|Any CPU
		{B58302D3-663A-4B36-AE0A-FCE5F576E5A1}.Release|Any CPU.Build.0 = Release|Any CPU
		{B7FECA33-724E-45D2-8264-DDFB91617B70}.Debug|Any CPU.ActiveCfg = Debug|Any CPU
		{B7FECA33-724E-45D2-8264-DDFB91617B70}.Debug|Any CPU.Build.0 = Debug|Any CPU
		{B7FECA33-724E-45D2-8264-DDFB91617B70}.Release|Any CPU.ActiveCfg = Release|Any CPU
		{B7FECA33-724E-45D2-8264-DDFB91617B70}.Release|Any CPU.Build.0 = Release|Any CPU
		{76835779-D738-40DC-A049-0B28FB164000}.Debug|Any CPU.ActiveCfg = Debug|Any CPU
		{76835779-D738-40DC-A049-0B28FB164000}.Debug|Any CPU.Build.0 = Debug|Any CPU
		{76835779-D738-40DC-A049-0B28FB164000}.Release|Any CPU.ActiveCfg = Release|Any CPU
		{76835779-D738-40DC-A049-0B28FB164000}.Release|Any CPU.Build.0 = Release|Any CPU
		{E55199ED-8D1D-4132-80CB-765F606917FF}.Debug|Any CPU.ActiveCfg = Debug|Any CPU
		{E55199ED-8D1D-4132-80CB-765F606917FF}.Debug|Any CPU.Build.0 = Debug|Any CPU
		{E55199ED-8D1D-4132-80CB-765F606917FF}.Release|Any CPU.ActiveCfg = Release|Any CPU
		{E55199ED-8D1D-4132-80CB-765F606917FF}.Release|Any CPU.Build.0 = Release|Any CPU
		{687EA750-D7E1-4EC4-A954-728F0B69DE2D}.Debug|Any CPU.ActiveCfg = Debug|Any CPU
		{687EA750-D7E1-4EC4-A954-728F0B69DE2D}.Debug|Any CPU.Build.0 = Debug|Any CPU
		{687EA750-D7E1-4EC4-A954-728F0B69DE2D}.Release|Any CPU.ActiveCfg = Release|Any CPU
		{687EA750-D7E1-4EC4-A954-728F0B69DE2D}.Release|Any CPU.Build.0 = Release|Any CPU
		{E25F4E6E-E59E-4760-823D-B0D0C95AE654}.Debug|Any CPU.ActiveCfg = Debug|Any CPU
		{E25F4E6E-E59E-4760-823D-B0D0C95AE654}.Debug|Any CPU.Build.0 = Debug|Any CPU
		{E25F4E6E-E59E-4760-823D-B0D0C95AE654}.Release|Any CPU.ActiveCfg = Release|Any CPU
		{E25F4E6E-E59E-4760-823D-B0D0C95AE654}.Release|Any CPU.Build.0 = Release|Any CPU
		{960D6E05-24C4-454E-8E8E-F068CF1C18B1}.Debug|Any CPU.ActiveCfg = Debug|Any CPU
		{960D6E05-24C4-454E-8E8E-F068CF1C18B1}.Debug|Any CPU.Build.0 = Debug|Any CPU
		{960D6E05-24C4-454E-8E8E-F068CF1C18B1}.Release|Any CPU.ActiveCfg = Release|Any CPU
		{960D6E05-24C4-454E-8E8E-F068CF1C18B1}.Release|Any CPU.Build.0 = Release|Any CPU
		{DFAC077F-D15C-4921-BCB6-B6498EEAD6B4}.Debug|Any CPU.ActiveCfg = Debug|Any CPU
		{DFAC077F-D15C-4921-BCB6-B6498EEAD6B4}.Debug|Any CPU.Build.0 = Debug|Any CPU
		{DFAC077F-D15C-4921-BCB6-B6498EEAD6B4}.Release|Any CPU.ActiveCfg = Release|Any CPU
		{DFAC077F-D15C-4921-BCB6-B6498EEAD6B4}.Release|Any CPU.Build.0 = Release|Any CPU
		{16310D94-212B-4486-B12E-8BDDC707674F}.Debug|Any CPU.ActiveCfg = Debug|Any CPU
		{16310D94-212B-4486-B12E-8BDDC707674F}.Debug|Any CPU.Build.0 = Debug|Any CPU
		{16310D94-212B-4486-B12E-8BDDC707674F}.Release|Any CPU.ActiveCfg = Release|Any CPU
		{16310D94-212B-4486-B12E-8BDDC707674F}.Release|Any CPU.Build.0 = Release|Any CPU
		{AA51D4CB-7A2D-4DB8-B1C7-6C6CE153A60B}.Debug|Any CPU.ActiveCfg = Debug|Any CPU
		{AA51D4CB-7A2D-4DB8-B1C7-6C6CE153A60B}.Debug|Any CPU.Build.0 = Debug|Any CPU
		{AA51D4CB-7A2D-4DB8-B1C7-6C6CE153A60B}.Release|Any CPU.ActiveCfg = Release|Any CPU
		{AA51D4CB-7A2D-4DB8-B1C7-6C6CE153A60B}.Release|Any CPU.Build.0 = Release|Any CPU
		{0892DE0C-0BDD-4C9F-9112-F2F859ECADFF}.Debug|Any CPU.ActiveCfg = Debug|Any CPU
		{0892DE0C-0BDD-4C9F-9112-F2F859ECADFF}.Debug|Any CPU.Build.0 = Debug|Any CPU
		{0892DE0C-0BDD-4C9F-9112-F2F859ECADFF}.Release|Any CPU.ActiveCfg = Release|Any CPU
		{0892DE0C-0BDD-4C9F-9112-F2F859ECADFF}.Release|Any CPU.Build.0 = Release|Any CPU
		{12FA3B55-1757-490A-BD04-6B57CD765B71}.Debug|Any CPU.ActiveCfg = Debug|Any CPU
		{12FA3B55-1757-490A-BD04-6B57CD765B71}.Debug|Any CPU.Build.0 = Debug|Any CPU
		{12FA3B55-1757-490A-BD04-6B57CD765B71}.Release|Any CPU.ActiveCfg = Release|Any CPU
		{12FA3B55-1757-490A-BD04-6B57CD765B71}.Release|Any CPU.Build.0 = Release|Any CPU
		{5D6E834E-042E-4868-B700-765714B6948A}.Debug|Any CPU.ActiveCfg = Debug|Any CPU
		{5D6E834E-042E-4868-B700-765714B6948A}.Debug|Any CPU.Build.0 = Debug|Any CPU
		{5D6E834E-042E-4868-B700-765714B6948A}.Release|Any CPU.ActiveCfg = Release|Any CPU
		{5D6E834E-042E-4868-B700-765714B6948A}.Release|Any CPU.Build.0 = Release|Any CPU
		{87FB1739-8954-46E8-8C0D-8D9A7D081408}.Debug|Any CPU.ActiveCfg = Debug|Any CPU
		{87FB1739-8954-46E8-8C0D-8D9A7D081408}.Debug|Any CPU.Build.0 = Debug|Any CPU
		{87FB1739-8954-46E8-8C0D-8D9A7D081408}.Release|Any CPU.ActiveCfg = Release|Any CPU
		{87FB1739-8954-46E8-8C0D-8D9A7D081408}.Release|Any CPU.Build.0 = Release|Any CPU
		{1C5A5178-90A3-41FC-B4C2-4404AD4D0D74}.Debug|Any CPU.ActiveCfg = Debug|Any CPU
		{1C5A5178-90A3-41FC-B4C2-4404AD4D0D74}.Debug|Any CPU.Build.0 = Debug|Any CPU
		{1C5A5178-90A3-41FC-B4C2-4404AD4D0D74}.Release|Any CPU.ActiveCfg = Release|Any CPU
		{1C5A5178-90A3-41FC-B4C2-4404AD4D0D74}.Release|Any CPU.Build.0 = Release|Any CPU
		{E7330CA9-AF09-41D3-A65B-DC1C23F01CC1}.Debug|Any CPU.ActiveCfg = Debug|Any CPU
		{E7330CA9-AF09-41D3-A65B-DC1C23F01CC1}.Debug|Any CPU.Build.0 = Debug|Any CPU
		{E7330CA9-AF09-41D3-A65B-DC1C23F01CC1}.Release|Any CPU.ActiveCfg = Release|Any CPU
		{E7330CA9-AF09-41D3-A65B-DC1C23F01CC1}.Release|Any CPU.Build.0 = Release|Any CPU
		{4BB479B5-62DB-40BB-B931-A73008B282ED}.Debug|Any CPU.ActiveCfg = Debug|Any CPU
		{4BB479B5-62DB-40BB-B931-A73008B282ED}.Debug|Any CPU.Build.0 = Debug|Any CPU
		{4BB479B5-62DB-40BB-B931-A73008B282ED}.Release|Any CPU.ActiveCfg = Release|Any CPU
		{4BB479B5-62DB-40BB-B931-A73008B282ED}.Release|Any CPU.Build.0 = Release|Any CPU
		{439ABDB7-0CF6-4D80-AE16-4467B78554B3}.Debug|Any CPU.ActiveCfg = Debug|Any CPU
		{439ABDB7-0CF6-4D80-AE16-4467B78554B3}.Debug|Any CPU.Build.0 = Debug|Any CPU
		{439ABDB7-0CF6-4D80-AE16-4467B78554B3}.Release|Any CPU.ActiveCfg = Release|Any CPU
		{439ABDB7-0CF6-4D80-AE16-4467B78554B3}.Release|Any CPU.Build.0 = Release|Any CPU
		{E519C0FB-6E43-4CAD-A1AF-7CBAB8A7CDE5}.Debug|Any CPU.ActiveCfg = Debug|Any CPU
		{E519C0FB-6E43-4CAD-A1AF-7CBAB8A7CDE5}.Debug|Any CPU.Build.0 = Debug|Any CPU
		{E519C0FB-6E43-4CAD-A1AF-7CBAB8A7CDE5}.Release|Any CPU.ActiveCfg = Release|Any CPU
		{E519C0FB-6E43-4CAD-A1AF-7CBAB8A7CDE5}.Release|Any CPU.Build.0 = Release|Any CPU
		{02D967D2-87AC-4B1F-9091-3DC46992D68F}.Debug|Any CPU.ActiveCfg = Debug|Any CPU
		{02D967D2-87AC-4B1F-9091-3DC46992D68F}.Debug|Any CPU.Build.0 = Debug|Any CPU
		{02D967D2-87AC-4B1F-9091-3DC46992D68F}.Release|Any CPU.ActiveCfg = Release|Any CPU
		{02D967D2-87AC-4B1F-9091-3DC46992D68F}.Release|Any CPU.Build.0 = Release|Any CPU
		{F377588C-1998-4FD3-A4ED-6B3D2E95C679}.Debug|Any CPU.ActiveCfg = Debug|Any CPU
		{F377588C-1998-4FD3-A4ED-6B3D2E95C679}.Debug|Any CPU.Build.0 = Debug|Any CPU
		{F377588C-1998-4FD3-A4ED-6B3D2E95C679}.Release|Any CPU.ActiveCfg = Release|Any CPU
		{F377588C-1998-4FD3-A4ED-6B3D2E95C679}.Release|Any CPU.Build.0 = Release|Any CPU
		{5BF40CE6-0FEB-4886-8322-47B0E5581F2B}.Debug|Any CPU.ActiveCfg = Debug|Any CPU
		{5BF40CE6-0FEB-4886-8322-47B0E5581F2B}.Debug|Any CPU.Build.0 = Debug|Any CPU
		{5BF40CE6-0FEB-4886-8322-47B0E5581F2B}.Release|Any CPU.ActiveCfg = Release|Any CPU
		{5BF40CE6-0FEB-4886-8322-47B0E5581F2B}.Release|Any CPU.Build.0 = Release|Any CPU
		{8AC7E5F0-E1A1-4C8C-9BEF-123D42217FEF}.Debug|Any CPU.ActiveCfg = Debug|Any CPU
		{8AC7E5F0-E1A1-4C8C-9BEF-123D42217FEF}.Debug|Any CPU.Build.0 = Debug|Any CPU
		{8AC7E5F0-E1A1-4C8C-9BEF-123D42217FEF}.Release|Any CPU.ActiveCfg = Release|Any CPU
		{8AC7E5F0-E1A1-4C8C-9BEF-123D42217FEF}.Release|Any CPU.Build.0 = Release|Any CPU
		{E6F38869-BF18-4762-B47F-A4561D2017C1}.Debug|Any CPU.ActiveCfg = Debug|Any CPU
		{E6F38869-BF18-4762-B47F-A4561D2017C1}.Debug|Any CPU.Build.0 = Debug|Any CPU
		{E6F38869-BF18-4762-B47F-A4561D2017C1}.Release|Any CPU.ActiveCfg = Release|Any CPU
		{E6F38869-BF18-4762-B47F-A4561D2017C1}.Release|Any CPU.Build.0 = Release|Any CPU
		{7223CB47-6F30-44EA-BEC7-1B77C72D7E00}.Debug|Any CPU.ActiveCfg = Debug|Any CPU
		{7223CB47-6F30-44EA-BEC7-1B77C72D7E00}.Debug|Any CPU.Build.0 = Debug|Any CPU
		{7223CB47-6F30-44EA-BEC7-1B77C72D7E00}.Release|Any CPU.ActiveCfg = Release|Any CPU
		{7223CB47-6F30-44EA-BEC7-1B77C72D7E00}.Release|Any CPU.Build.0 = Release|Any CPU
		{4EB3BB55-FBB4-45D6-855F-3930117E55E0}.Debug|Any CPU.ActiveCfg = Debug|Any CPU
		{4EB3BB55-FBB4-45D6-855F-3930117E55E0}.Debug|Any CPU.Build.0 = Debug|Any CPU
		{4EB3BB55-FBB4-45D6-855F-3930117E55E0}.Release|Any CPU.ActiveCfg = Release|Any CPU
		{4EB3BB55-FBB4-45D6-855F-3930117E55E0}.Release|Any CPU.Build.0 = Release|Any CPU
		{988C3C95-05C8-47F6-8091-8A03556DACDA}.Debug|Any CPU.ActiveCfg = Debug|Any CPU
		{988C3C95-05C8-47F6-8091-8A03556DACDA}.Debug|Any CPU.Build.0 = Debug|Any CPU
		{988C3C95-05C8-47F6-8091-8A03556DACDA}.Release|Any CPU.ActiveCfg = Release|Any CPU
		{988C3C95-05C8-47F6-8091-8A03556DACDA}.Release|Any CPU.Build.0 = Release|Any CPU
		{FEF50826-C34A-4DFC-A366-4A18B9DB40A5}.Debug|Any CPU.ActiveCfg = Debug|Any CPU
		{FEF50826-C34A-4DFC-A366-4A18B9DB40A5}.Debug|Any CPU.Build.0 = Debug|Any CPU
		{FEF50826-C34A-4DFC-A366-4A18B9DB40A5}.Release|Any CPU.ActiveCfg = Release|Any CPU
		{FEF50826-C34A-4DFC-A366-4A18B9DB40A5}.Release|Any CPU.Build.0 = Release|Any CPU
		{8A49D917-5FD0-437C-A7EF-118E81E38E7C}.Debug|Any CPU.ActiveCfg = Debug|Any CPU
		{8A49D917-5FD0-437C-A7EF-118E81E38E7C}.Debug|Any CPU.Build.0 = Debug|Any CPU
		{8A49D917-5FD0-437C-A7EF-118E81E38E7C}.Release|Any CPU.ActiveCfg = Release|Any CPU
		{8A49D917-5FD0-437C-A7EF-118E81E38E7C}.Release|Any CPU.Build.0 = Release|Any CPU
		{33AD4B59-5DB8-4E0D-A65D-46BACCCB6C27}.Debug|Any CPU.ActiveCfg = Debug|Any CPU
		{33AD4B59-5DB8-4E0D-A65D-46BACCCB6C27}.Debug|Any CPU.Build.0 = Debug|Any CPU
		{33AD4B59-5DB8-4E0D-A65D-46BACCCB6C27}.Release|Any CPU.ActiveCfg = Release|Any CPU
		{33AD4B59-5DB8-4E0D-A65D-46BACCCB6C27}.Release|Any CPU.Build.0 = Release|Any CPU
		{3F81891C-46BD-4514-901C-F44D7984A3AC}.Debug|Any CPU.ActiveCfg = Debug|Any CPU
		{3F81891C-46BD-4514-901C-F44D7984A3AC}.Debug|Any CPU.Build.0 = Debug|Any CPU
		{3F81891C-46BD-4514-901C-F44D7984A3AC}.Release|Any CPU.ActiveCfg = Release|Any CPU
		{3F81891C-46BD-4514-901C-F44D7984A3AC}.Release|Any CPU.Build.0 = Release|Any CPU
		{A42F8C4A-5EEF-45D0-9BC6-7EDD4DB5DECF}.Debug|Any CPU.ActiveCfg = Debug|Any CPU
		{A42F8C4A-5EEF-45D0-9BC6-7EDD4DB5DECF}.Debug|Any CPU.Build.0 = Debug|Any CPU
		{A42F8C4A-5EEF-45D0-9BC6-7EDD4DB5DECF}.Release|Any CPU.ActiveCfg = Release|Any CPU
		{A42F8C4A-5EEF-45D0-9BC6-7EDD4DB5DECF}.Release|Any CPU.Build.0 = Release|Any CPU
		{3DE8940B-7E3F-4151-8698-D95787D341B9}.Debug|Any CPU.ActiveCfg = Debug|Any CPU
		{3DE8940B-7E3F-4151-8698-D95787D341B9}.Debug|Any CPU.Build.0 = Debug|Any CPU
		{3DE8940B-7E3F-4151-8698-D95787D341B9}.Release|Any CPU.ActiveCfg = Release|Any CPU
		{3DE8940B-7E3F-4151-8698-D95787D341B9}.Release|Any CPU.Build.0 = Release|Any CPU
		{9FF5D82E-BFF1-43F7-A409-1ADCD22F0903}.Debug|Any CPU.ActiveCfg = Debug|Any CPU
		{9FF5D82E-BFF1-43F7-A409-1ADCD22F0903}.Debug|Any CPU.Build.0 = Debug|Any CPU
		{9FF5D82E-BFF1-43F7-A409-1ADCD22F0903}.Release|Any CPU.ActiveCfg = Release|Any CPU
		{9FF5D82E-BFF1-43F7-A409-1ADCD22F0903}.Release|Any CPU.Build.0 = Release|Any CPU
		{8EC3E885-73BF-4FA6-8BFE-E3A5625D9894}.Debug|Any CPU.ActiveCfg = Debug|Any CPU
		{8EC3E885-73BF-4FA6-8BFE-E3A5625D9894}.Debug|Any CPU.Build.0 = Debug|Any CPU
		{8EC3E885-73BF-4FA6-8BFE-E3A5625D9894}.Release|Any CPU.ActiveCfg = Release|Any CPU
		{8EC3E885-73BF-4FA6-8BFE-E3A5625D9894}.Release|Any CPU.Build.0 = Release|Any CPU
		{708DE054-881D-46AD-970D-3EFEDD6089D3}.Debug|Any CPU.ActiveCfg = Debug|Any CPU
		{708DE054-881D-46AD-970D-3EFEDD6089D3}.Debug|Any CPU.Build.0 = Debug|Any CPU
		{708DE054-881D-46AD-970D-3EFEDD6089D3}.Release|Any CPU.ActiveCfg = Release|Any CPU
		{708DE054-881D-46AD-970D-3EFEDD6089D3}.Release|Any CPU.Build.0 = Release|Any CPU
		{AFB33AD8-B0EB-4863-A9C9-99337C405212}.Debug|Any CPU.ActiveCfg = Debug|Any CPU
		{AFB33AD8-B0EB-4863-A9C9-99337C405212}.Debug|Any CPU.Build.0 = Debug|Any CPU
		{AFB33AD8-B0EB-4863-A9C9-99337C405212}.Release|Any CPU.ActiveCfg = Release|Any CPU
		{AFB33AD8-B0EB-4863-A9C9-99337C405212}.Release|Any CPU.Build.0 = Release|Any CPU
		{40214E8F-1633-4B8D-99E8-73006226F85C}.Debug|Any CPU.ActiveCfg = Debug|Any CPU
		{40214E8F-1633-4B8D-99E8-73006226F85C}.Debug|Any CPU.Build.0 = Debug|Any CPU
		{40214E8F-1633-4B8D-99E8-73006226F85C}.Release|Any CPU.ActiveCfg = Release|Any CPU
		{40214E8F-1633-4B8D-99E8-73006226F85C}.Release|Any CPU.Build.0 = Release|Any CPU
		{7BCC6B43-33AB-459E-8804-3AC9F020F8DE}.Debug|Any CPU.ActiveCfg = Debug|Any CPU
		{7BCC6B43-33AB-459E-8804-3AC9F020F8DE}.Debug|Any CPU.Build.0 = Debug|Any CPU
		{7BCC6B43-33AB-459E-8804-3AC9F020F8DE}.Release|Any CPU.ActiveCfg = Release|Any CPU
		{7BCC6B43-33AB-459E-8804-3AC9F020F8DE}.Release|Any CPU.Build.0 = Release|Any CPU
		{0040AE5C-0944-424F-B695-D0D3705CFBC2}.Debug|Any CPU.ActiveCfg = Debug|Any CPU
		{0040AE5C-0944-424F-B695-D0D3705CFBC2}.Debug|Any CPU.Build.0 = Debug|Any CPU
		{0040AE5C-0944-424F-B695-D0D3705CFBC2}.Release|Any CPU.ActiveCfg = Release|Any CPU
		{0040AE5C-0944-424F-B695-D0D3705CFBC2}.Release|Any CPU.Build.0 = Release|Any CPU
		{8FAFE6E4-FE7C-4BA2-9C81-EE4BC53A8AD2}.Debug|Any CPU.ActiveCfg = Debug|Any CPU
		{8FAFE6E4-FE7C-4BA2-9C81-EE4BC53A8AD2}.Debug|Any CPU.Build.0 = Debug|Any CPU
		{8FAFE6E4-FE7C-4BA2-9C81-EE4BC53A8AD2}.Release|Any CPU.ActiveCfg = Release|Any CPU
		{8FAFE6E4-FE7C-4BA2-9C81-EE4BC53A8AD2}.Release|Any CPU.Build.0 = Release|Any CPU
		{1F4003A0-11EC-40ED-9E21-A300C2DBCCF0}.Debug|Any CPU.ActiveCfg = Debug|Any CPU
		{1F4003A0-11EC-40ED-9E21-A300C2DBCCF0}.Debug|Any CPU.Build.0 = Debug|Any CPU
		{1F4003A0-11EC-40ED-9E21-A300C2DBCCF0}.Release|Any CPU.ActiveCfg = Release|Any CPU
		{1F4003A0-11EC-40ED-9E21-A300C2DBCCF0}.Release|Any CPU.Build.0 = Release|Any CPU
		{E4B65016-8AF0-4694-A232-1D88747EDA95}.Debug|Any CPU.ActiveCfg = Debug|Any CPU
		{E4B65016-8AF0-4694-A232-1D88747EDA95}.Debug|Any CPU.Build.0 = Debug|Any CPU
		{E4B65016-8AF0-4694-A232-1D88747EDA95}.Release|Any CPU.ActiveCfg = Release|Any CPU
		{E4B65016-8AF0-4694-A232-1D88747EDA95}.Release|Any CPU.Build.0 = Release|Any CPU
		{DCA428A2-0711-4276-95B6-E0E84F365DA4}.Debug|Any CPU.ActiveCfg = Debug|Any CPU
		{DCA428A2-0711-4276-95B6-E0E84F365DA4}.Debug|Any CPU.Build.0 = Debug|Any CPU
		{DCA428A2-0711-4276-95B6-E0E84F365DA4}.Release|Any CPU.ActiveCfg = Release|Any CPU
		{DCA428A2-0711-4276-95B6-E0E84F365DA4}.Release|Any CPU.Build.0 = Release|Any CPU
		{F434C809-21EC-4CB5-95F7-29FD29BAF2AA}.Debug|Any CPU.ActiveCfg = Debug|Any CPU
		{F434C809-21EC-4CB5-95F7-29FD29BAF2AA}.Debug|Any CPU.Build.0 = Debug|Any CPU
		{F434C809-21EC-4CB5-95F7-29FD29BAF2AA}.Release|Any CPU.ActiveCfg = Release|Any CPU
		{F434C809-21EC-4CB5-95F7-29FD29BAF2AA}.Release|Any CPU.Build.0 = Release|Any CPU
		{76CA3AAE-268E-4308-8675-14BB03C3274D}.Debug|Any CPU.ActiveCfg = Debug|Any CPU
		{76CA3AAE-268E-4308-8675-14BB03C3274D}.Debug|Any CPU.Build.0 = Debug|Any CPU
		{76CA3AAE-268E-4308-8675-14BB03C3274D}.Release|Any CPU.ActiveCfg = Release|Any CPU
		{76CA3AAE-268E-4308-8675-14BB03C3274D}.Release|Any CPU.Build.0 = Release|Any CPU
		{4498CA9F-D8CC-4651-A642-D8C57FEE8875}.Debug|Any CPU.ActiveCfg = Debug|Any CPU
		{4498CA9F-D8CC-4651-A642-D8C57FEE8875}.Debug|Any CPU.Build.0 = Debug|Any CPU
		{4498CA9F-D8CC-4651-A642-D8C57FEE8875}.Release|Any CPU.ActiveCfg = Release|Any CPU
		{4498CA9F-D8CC-4651-A642-D8C57FEE8875}.Release|Any CPU.Build.0 = Release|Any CPU
		{007FBABC-1594-4846-937E-C36FA7BAF2BF}.Debug|Any CPU.ActiveCfg = Debug|Any CPU
		{007FBABC-1594-4846-937E-C36FA7BAF2BF}.Debug|Any CPU.Build.0 = Debug|Any CPU
		{007FBABC-1594-4846-937E-C36FA7BAF2BF}.Release|Any CPU.ActiveCfg = Release|Any CPU
		{007FBABC-1594-4846-937E-C36FA7BAF2BF}.Release|Any CPU.Build.0 = Release|Any CPU
		{AB450B00-479B-4527-89B7-9E21A6576DCB}.Debug|Any CPU.ActiveCfg = Debug|Any CPU
		{AB450B00-479B-4527-89B7-9E21A6576DCB}.Debug|Any CPU.Build.0 = Debug|Any CPU
		{AB450B00-479B-4527-89B7-9E21A6576DCB}.Release|Any CPU.ActiveCfg = Release|Any CPU
		{AB450B00-479B-4527-89B7-9E21A6576DCB}.Release|Any CPU.Build.0 = Release|Any CPU
		{69F17405-4D40-41C0-AD08-72B5B2203C02}.Debug|Any CPU.ActiveCfg = Debug|Any CPU
		{69F17405-4D40-41C0-AD08-72B5B2203C02}.Debug|Any CPU.Build.0 = Debug|Any CPU
		{69F17405-4D40-41C0-AD08-72B5B2203C02}.Release|Any CPU.ActiveCfg = Release|Any CPU
		{69F17405-4D40-41C0-AD08-72B5B2203C02}.Release|Any CPU.Build.0 = Release|Any CPU
		{5F3A553B-49A8-4554-8B2A-C04E32030C46}.Debug|Any CPU.ActiveCfg = Debug|Any CPU
		{5F3A553B-49A8-4554-8B2A-C04E32030C46}.Debug|Any CPU.Build.0 = Debug|Any CPU
		{5F3A553B-49A8-4554-8B2A-C04E32030C46}.Release|Any CPU.ActiveCfg = Release|Any CPU
		{5F3A553B-49A8-4554-8B2A-C04E32030C46}.Release|Any CPU.Build.0 = Release|Any CPU
		{4868EC59-9D36-4440-BE51-092BA087CB8D}.Debug|Any CPU.ActiveCfg = Debug|Any CPU
		{4868EC59-9D36-4440-BE51-092BA087CB8D}.Debug|Any CPU.Build.0 = Debug|Any CPU
		{4868EC59-9D36-4440-BE51-092BA087CB8D}.Release|Any CPU.ActiveCfg = Release|Any CPU
		{4868EC59-9D36-4440-BE51-092BA087CB8D}.Release|Any CPU.Build.0 = Release|Any CPU
		{F3F419F5-E903-4D46-BE77-C6FB11670392}.Debug|Any CPU.ActiveCfg = Debug|Any CPU
		{F3F419F5-E903-4D46-BE77-C6FB11670392}.Debug|Any CPU.Build.0 = Debug|Any CPU
		{F3F419F5-E903-4D46-BE77-C6FB11670392}.Release|Any CPU.ActiveCfg = Release|Any CPU
		{F3F419F5-E903-4D46-BE77-C6FB11670392}.Release|Any CPU.Build.0 = Release|Any CPU
		{D29C4AA7-B0CE-496D-A03D-16E27BB9C5F4}.Debug|Any CPU.ActiveCfg = Debug|Any CPU
		{D29C4AA7-B0CE-496D-A03D-16E27BB9C5F4}.Debug|Any CPU.Build.0 = Debug|Any CPU
		{D29C4AA7-B0CE-496D-A03D-16E27BB9C5F4}.Release|Any CPU.ActiveCfg = Release|Any CPU
		{D29C4AA7-B0CE-496D-A03D-16E27BB9C5F4}.Release|Any CPU.Build.0 = Release|Any CPU
		{9AC7549B-64D9-458B-A722-679A8348DAAA}.Debug|Any CPU.ActiveCfg = Debug|Any CPU
		{9AC7549B-64D9-458B-A722-679A8348DAAA}.Debug|Any CPU.Build.0 = Debug|Any CPU
		{9AC7549B-64D9-458B-A722-679A8348DAAA}.Release|Any CPU.ActiveCfg = Release|Any CPU
		{9AC7549B-64D9-458B-A722-679A8348DAAA}.Release|Any CPU.Build.0 = Release|Any CPU
		{5BCF4DCB-3BCA-4BC5-A30B-F29372DBB5D5}.Debug|Any CPU.ActiveCfg = Debug|Any CPU
		{5BCF4DCB-3BCA-4BC5-A30B-F29372DBB5D5}.Debug|Any CPU.Build.0 = Debug|Any CPU
		{5BCF4DCB-3BCA-4BC5-A30B-F29372DBB5D5}.Release|Any CPU.ActiveCfg = Release|Any CPU
		{5BCF4DCB-3BCA-4BC5-A30B-F29372DBB5D5}.Release|Any CPU.Build.0 = Release|Any CPU
		{EC72D3C8-909E-40E0-B97B-606418997565}.Debug|Any CPU.ActiveCfg = Debug|Any CPU
		{EC72D3C8-909E-40E0-B97B-606418997565}.Debug|Any CPU.Build.0 = Debug|Any CPU
		{EC72D3C8-909E-40E0-B97B-606418997565}.Release|Any CPU.ActiveCfg = Release|Any CPU
		{EC72D3C8-909E-40E0-B97B-606418997565}.Release|Any CPU.Build.0 = Release|Any CPU
		{06597B21-FA20-4D1A-A520-0679287AA572}.Debug|Any CPU.ActiveCfg = Debug|Any CPU
		{06597B21-FA20-4D1A-A520-0679287AA572}.Debug|Any CPU.Build.0 = Debug|Any CPU
		{06597B21-FA20-4D1A-A520-0679287AA572}.Release|Any CPU.ActiveCfg = Release|Any CPU
		{06597B21-FA20-4D1A-A520-0679287AA572}.Release|Any CPU.Build.0 = Release|Any CPU
		{1871D562-32C0-4A4F-87ED-2C9E67619017}.Debug|Any CPU.ActiveCfg = Debug|Any CPU
		{1871D562-32C0-4A4F-87ED-2C9E67619017}.Debug|Any CPU.Build.0 = Debug|Any CPU
		{1871D562-32C0-4A4F-87ED-2C9E67619017}.Release|Any CPU.ActiveCfg = Release|Any CPU
		{1871D562-32C0-4A4F-87ED-2C9E67619017}.Release|Any CPU.Build.0 = Release|Any CPU
		{1E057CFE-E2FC-4B7C-8F5B-9F72F8CA83FD}.Debug|Any CPU.ActiveCfg = Debug|Any CPU
		{1E057CFE-E2FC-4B7C-8F5B-9F72F8CA83FD}.Debug|Any CPU.Build.0 = Debug|Any CPU
		{1E057CFE-E2FC-4B7C-8F5B-9F72F8CA83FD}.Release|Any CPU.ActiveCfg = Release|Any CPU
		{1E057CFE-E2FC-4B7C-8F5B-9F72F8CA83FD}.Release|Any CPU.Build.0 = Release|Any CPU
		{0B4A1C1B-F497-4453-89AE-4970CF49E046}.Debug|Any CPU.ActiveCfg = Debug|Any CPU
		{0B4A1C1B-F497-4453-89AE-4970CF49E046}.Debug|Any CPU.Build.0 = Debug|Any CPU
		{0B4A1C1B-F497-4453-89AE-4970CF49E046}.Release|Any CPU.ActiveCfg = Release|Any CPU
		{0B4A1C1B-F497-4453-89AE-4970CF49E046}.Release|Any CPU.Build.0 = Release|Any CPU
		{12E2F284-7798-4048-948B-FF553B83FAA3}.Debug|Any CPU.ActiveCfg = Debug|Any CPU
		{12E2F284-7798-4048-948B-FF553B83FAA3}.Debug|Any CPU.Build.0 = Debug|Any CPU
		{12E2F284-7798-4048-948B-FF553B83FAA3}.Release|Any CPU.ActiveCfg = Release|Any CPU
		{12E2F284-7798-4048-948B-FF553B83FAA3}.Release|Any CPU.Build.0 = Release|Any CPU
		{13E530DB-D2F5-4911-91E1-DD5FB22CC1C4}.Debug|Any CPU.ActiveCfg = Debug|Any CPU
		{13E530DB-D2F5-4911-91E1-DD5FB22CC1C4}.Debug|Any CPU.Build.0 = Debug|Any CPU
		{13E530DB-D2F5-4911-91E1-DD5FB22CC1C4}.Release|Any CPU.ActiveCfg = Release|Any CPU
		{13E530DB-D2F5-4911-91E1-DD5FB22CC1C4}.Release|Any CPU.Build.0 = Release|Any CPU
		{D7B5262C-1D2E-4D59-A8A8-3E22620CB6E4}.Debug|Any CPU.ActiveCfg = Debug|Any CPU
		{D7B5262C-1D2E-4D59-A8A8-3E22620CB6E4}.Debug|Any CPU.Build.0 = Debug|Any CPU
		{D7B5262C-1D2E-4D59-A8A8-3E22620CB6E4}.Release|Any CPU.ActiveCfg = Release|Any CPU
		{D7B5262C-1D2E-4D59-A8A8-3E22620CB6E4}.Release|Any CPU.Build.0 = Release|Any CPU
		{2624531F-D443-4A5C-8A68-B02A1FD1347B}.Debug|Any CPU.ActiveCfg = Debug|Any CPU
		{2624531F-D443-4A5C-8A68-B02A1FD1347B}.Debug|Any CPU.Build.0 = Debug|Any CPU
		{2624531F-D443-4A5C-8A68-B02A1FD1347B}.Release|Any CPU.ActiveCfg = Release|Any CPU
		{2624531F-D443-4A5C-8A68-B02A1FD1347B}.Release|Any CPU.Build.0 = Release|Any CPU
		{8BDB2A41-BB01-4D82-A92C-D594C8BF3112}.Debug|Any CPU.ActiveCfg = Debug|Any CPU
		{8BDB2A41-BB01-4D82-A92C-D594C8BF3112}.Debug|Any CPU.Build.0 = Debug|Any CPU
		{8BDB2A41-BB01-4D82-A92C-D594C8BF3112}.Release|Any CPU.ActiveCfg = Release|Any CPU
		{8BDB2A41-BB01-4D82-A92C-D594C8BF3112}.Release|Any CPU.Build.0 = Release|Any CPU
		{3845349C-8100-4B39-A4A4-38B28EED9A3B}.Debug|Any CPU.ActiveCfg = Debug|Any CPU
		{3845349C-8100-4B39-A4A4-38B28EED9A3B}.Debug|Any CPU.Build.0 = Debug|Any CPU
		{3845349C-8100-4B39-A4A4-38B28EED9A3B}.Release|Any CPU.ActiveCfg = Release|Any CPU
		{3845349C-8100-4B39-A4A4-38B28EED9A3B}.Release|Any CPU.Build.0 = Release|Any CPU
		{BB1E6C3C-8578-4292-8A5C-F2B0FE54B0BB}.Debug|Any CPU.ActiveCfg = Debug|Any CPU
		{BB1E6C3C-8578-4292-8A5C-F2B0FE54B0BB}.Debug|Any CPU.Build.0 = Debug|Any CPU
		{BB1E6C3C-8578-4292-8A5C-F2B0FE54B0BB}.Release|Any CPU.ActiveCfg = Release|Any CPU
		{BB1E6C3C-8578-4292-8A5C-F2B0FE54B0BB}.Release|Any CPU.Build.0 = Release|Any CPU
		{D454E835-2428-4AD8-B90C-DDE8D78578B0}.Debug|Any CPU.ActiveCfg = Debug|Any CPU
		{D454E835-2428-4AD8-B90C-DDE8D78578B0}.Debug|Any CPU.Build.0 = Debug|Any CPU
		{D454E835-2428-4AD8-B90C-DDE8D78578B0}.Release|Any CPU.ActiveCfg = Release|Any CPU
		{D454E835-2428-4AD8-B90C-DDE8D78578B0}.Release|Any CPU.Build.0 = Release|Any CPU
		{B253AEEA-BC48-4BFA-A99E-DF8B41FA2EB8}.Debug|Any CPU.ActiveCfg = Debug|Any CPU
		{B253AEEA-BC48-4BFA-A99E-DF8B41FA2EB8}.Debug|Any CPU.Build.0 = Debug|Any CPU
		{B253AEEA-BC48-4BFA-A99E-DF8B41FA2EB8}.Release|Any CPU.ActiveCfg = Release|Any CPU
		{B253AEEA-BC48-4BFA-A99E-DF8B41FA2EB8}.Release|Any CPU.Build.0 = Release|Any CPU
		{FA98C5C0-3A1D-4FE0-AD49-D88138408DDF}.Debug|Any CPU.ActiveCfg = Debug|Any CPU
		{FA98C5C0-3A1D-4FE0-AD49-D88138408DDF}.Debug|Any CPU.Build.0 = Debug|Any CPU
		{FA98C5C0-3A1D-4FE0-AD49-D88138408DDF}.Release|Any CPU.ActiveCfg = Release|Any CPU
		{FA98C5C0-3A1D-4FE0-AD49-D88138408DDF}.Release|Any CPU.Build.0 = Release|Any CPU
		{63B49631-5186-4191-8386-7B5B39886B42}.Debug|Any CPU.ActiveCfg = Debug|Any CPU
		{63B49631-5186-4191-8386-7B5B39886B42}.Debug|Any CPU.Build.0 = Debug|Any CPU
		{63B49631-5186-4191-8386-7B5B39886B42}.Release|Any CPU.ActiveCfg = Release|Any CPU
		{63B49631-5186-4191-8386-7B5B39886B42}.Release|Any CPU.Build.0 = Release|Any CPU
		{906F1182-09D9-4B56-861B-4BC486B68A15}.Debug|Any CPU.ActiveCfg = Debug|Any CPU
		{906F1182-09D9-4B56-861B-4BC486B68A15}.Debug|Any CPU.Build.0 = Debug|Any CPU
		{906F1182-09D9-4B56-861B-4BC486B68A15}.Release|Any CPU.ActiveCfg = Release|Any CPU
		{906F1182-09D9-4B56-861B-4BC486B68A15}.Release|Any CPU.Build.0 = Release|Any CPU
		{820EE29C-B848-4473-BECF-430F9BCD2CCE}.Debug|Any CPU.ActiveCfg = Debug|Any CPU
		{820EE29C-B848-4473-BECF-430F9BCD2CCE}.Debug|Any CPU.Build.0 = Debug|Any CPU
		{820EE29C-B848-4473-BECF-430F9BCD2CCE}.Release|Any CPU.ActiveCfg = Release|Any CPU
		{820EE29C-B848-4473-BECF-430F9BCD2CCE}.Release|Any CPU.Build.0 = Release|Any CPU
		{0C2C4F84-ADFB-4135-B443-126E62AF605D}.Debug|Any CPU.ActiveCfg = Debug|Any CPU
		{0C2C4F84-ADFB-4135-B443-126E62AF605D}.Debug|Any CPU.Build.0 = Debug|Any CPU
		{0C2C4F84-ADFB-4135-B443-126E62AF605D}.Release|Any CPU.ActiveCfg = Release|Any CPU
		{0C2C4F84-ADFB-4135-B443-126E62AF605D}.Release|Any CPU.Build.0 = Release|Any CPU
		{46D992D3-51E2-4162-A291-12B3E1C5AC1C}.Debug|Any CPU.ActiveCfg = Debug|Any CPU
		{46D992D3-51E2-4162-A291-12B3E1C5AC1C}.Debug|Any CPU.Build.0 = Debug|Any CPU
		{46D992D3-51E2-4162-A291-12B3E1C5AC1C}.Release|Any CPU.ActiveCfg = Release|Any CPU
		{46D992D3-51E2-4162-A291-12B3E1C5AC1C}.Release|Any CPU.Build.0 = Release|Any CPU
	EndGlobalSection
	GlobalSection(SolutionProperties) = preSolution
		HideSolutionNode = FALSE
	EndGlobalSection
	GlobalSection(NestedProjects) = preSolution
		{283AACA5-4359-4806-AC6A-AD28B419581D} = {CBDFB034-EF96-42EC-93E4-A4D0ED92714E}
		{FDD9C330-B90B-4657-B7D7-1F2BDF132CFF} = {CBDFB034-EF96-42EC-93E4-A4D0ED92714E}
		{0EB78910-782A-46B1-9AB7-079F273E1F2C} = {CBDFB034-EF96-42EC-93E4-A4D0ED92714E}
		{16A11C18-4DB6-4F7E-AB93-21374B824BC5} = {CBDFB034-EF96-42EC-93E4-A4D0ED92714E}
		{29F28BB2-249A-4E1C-92D4-66193BAAEAA1} = {CBDFB034-EF96-42EC-93E4-A4D0ED92714E}
		{BBCDB2B5-6302-4A84-AB0E-AFDDAE87221E} = {CBDFB034-EF96-42EC-93E4-A4D0ED92714E}
		{9B6979A6-22F8-4D39-B890-F76C634B6DE8} = {CBDFB034-EF96-42EC-93E4-A4D0ED92714E}
		{696752F7-6EEB-44D3-BEA9-633421A8C4F1} = {C859CA27-2F40-4E0B-BAAA-E24D07622F1B}
		{6FF3F124-55C9-4996-9F23-1196CF36165E} = {C859CA27-2F40-4E0B-BAAA-E24D07622F1B}
		{755D27E1-6C57-45BD-867D-0F1E76434E33} = {C859CA27-2F40-4E0B-BAAA-E24D07622F1B}
		{CA0381E3-5E0C-4B2F-BA28-B32787FB0B3F} = {C859CA27-2F40-4E0B-BAAA-E24D07622F1B}
		{B77322F2-3710-49D9-83CD-20DB29A68B86} = {C859CA27-2F40-4E0B-BAAA-E24D07622F1B}
		{A6DBA0E7-CAD5-460F-A096-2DCB8AE605D3} = {C859CA27-2F40-4E0B-BAAA-E24D07622F1B}
		{3A48659E-AE49-431A-B977-E2FB83C6C720} = {C859CA27-2F40-4E0B-BAAA-E24D07622F1B}
		{1A928545-E6EA-448C-8566-8BADF443073C} = {C859CA27-2F40-4E0B-BAAA-E24D07622F1B}
		{8DCE3B42-2BB3-4F57-92CF-DD9AF237D55D} = {500B74B6-F481-40A9-817F-B2BD45EC8636}
		{43CC3A38-E2D6-4945-8253-41D6E03B6F6A} = {500B74B6-F481-40A9-817F-B2BD45EC8636}
		{A2AC370E-A1BF-4635-A4C7-C941E49E7FAA} = {500B74B6-F481-40A9-817F-B2BD45EC8636}
		{132A0291-6D6F-46F9-B973-791068C6BB37} = {500B74B6-F481-40A9-817F-B2BD45EC8636}
		{B58302D3-663A-4B36-AE0A-FCE5F576E5A1} = {3E3A93F6-45B4-48B5-9273-F7BD11305A10}
		{B7FECA33-724E-45D2-8264-DDFB91617B70} = {3E3A93F6-45B4-48B5-9273-F7BD11305A10}
		{76835779-D738-40DC-A049-0B28FB164000} = {3E3A93F6-45B4-48B5-9273-F7BD11305A10}
		{E55199ED-8D1D-4132-80CB-765F606917FF} = {3E3A93F6-45B4-48B5-9273-F7BD11305A10}
		{687EA750-D7E1-4EC4-A954-728F0B69DE2D} = {3E3A93F6-45B4-48B5-9273-F7BD11305A10}
		{E25F4E6E-E59E-4760-823D-B0D0C95AE654} = {3E3A93F6-45B4-48B5-9273-F7BD11305A10}
		{960D6E05-24C4-454E-8E8E-F068CF1C18B1} = {3E3A93F6-45B4-48B5-9273-F7BD11305A10}
		{DFAC077F-D15C-4921-BCB6-B6498EEAD6B4} = {3E3A93F6-45B4-48B5-9273-F7BD11305A10}
		{16310D94-212B-4486-B12E-8BDDC707674F} = {3E3A93F6-45B4-48B5-9273-F7BD11305A10}
		{AA51D4CB-7A2D-4DB8-B1C7-6C6CE153A60B} = {3E3A93F6-45B4-48B5-9273-F7BD11305A10}
		{0892DE0C-0BDD-4C9F-9112-F2F859ECADFF} = {3E3A93F6-45B4-48B5-9273-F7BD11305A10}
		{12FA3B55-1757-490A-BD04-6B57CD765B71} = {3E3A93F6-45B4-48B5-9273-F7BD11305A10}
		{5D6E834E-042E-4868-B700-765714B6948A} = {3E3A93F6-45B4-48B5-9273-F7BD11305A10}
		{87FB1739-8954-46E8-8C0D-8D9A7D081408} = {3E3A93F6-45B4-48B5-9273-F7BD11305A10}
		{1C5A5178-90A3-41FC-B4C2-4404AD4D0D74} = {3E3A93F6-45B4-48B5-9273-F7BD11305A10}
		{E7330CA9-AF09-41D3-A65B-DC1C23F01CC1} = {3E3A93F6-45B4-48B5-9273-F7BD11305A10}
		{4BB479B5-62DB-40BB-B931-A73008B282ED} = {3E3A93F6-45B4-48B5-9273-F7BD11305A10}
		{439ABDB7-0CF6-4D80-AE16-4467B78554B3} = {3E3A93F6-45B4-48B5-9273-F7BD11305A10}
		{E519C0FB-6E43-4CAD-A1AF-7CBAB8A7CDE5} = {3E3A93F6-45B4-48B5-9273-F7BD11305A10}
		{02D967D2-87AC-4B1F-9091-3DC46992D68F} = {3E3A93F6-45B4-48B5-9273-F7BD11305A10}
		{F377588C-1998-4FD3-A4ED-6B3D2E95C679} = {3E3A93F6-45B4-48B5-9273-F7BD11305A10}
		{5BF40CE6-0FEB-4886-8322-47B0E5581F2B} = {383EB9F8-79A2-4711-8A19-40084738D550}
		{8AC7E5F0-E1A1-4C8C-9BEF-123D42217FEF} = {383EB9F8-79A2-4711-8A19-40084738D550}
		{E6F38869-BF18-4762-B47F-A4561D2017C1} = {383EB9F8-79A2-4711-8A19-40084738D550}
		{7223CB47-6F30-44EA-BEC7-1B77C72D7E00} = {383EB9F8-79A2-4711-8A19-40084738D550}
		{4EB3BB55-FBB4-45D6-855F-3930117E55E0} = {383EB9F8-79A2-4711-8A19-40084738D550}
		{988C3C95-05C8-47F6-8091-8A03556DACDA} = {383EB9F8-79A2-4711-8A19-40084738D550}
		{FEF50826-C34A-4DFC-A366-4A18B9DB40A5} = {383EB9F8-79A2-4711-8A19-40084738D550}
		{8A49D917-5FD0-437C-A7EF-118E81E38E7C} = {383EB9F8-79A2-4711-8A19-40084738D550}
		{33AD4B59-5DB8-4E0D-A65D-46BACCCB6C27} = {383EB9F8-79A2-4711-8A19-40084738D550}
		{3F81891C-46BD-4514-901C-F44D7984A3AC} = {383EB9F8-79A2-4711-8A19-40084738D550}
		{A42F8C4A-5EEF-45D0-9BC6-7EDD4DB5DECF} = {383EB9F8-79A2-4711-8A19-40084738D550}
		{3DE8940B-7E3F-4151-8698-D95787D341B9} = {383EB9F8-79A2-4711-8A19-40084738D550}
		{9FF5D82E-BFF1-43F7-A409-1ADCD22F0903} = {383EB9F8-79A2-4711-8A19-40084738D550}
		{8EC3E885-73BF-4FA6-8BFE-E3A5625D9894} = {383EB9F8-79A2-4711-8A19-40084738D550}
		{708DE054-881D-46AD-970D-3EFEDD6089D3} = {98D2E409-B686-42EC-897D-3059A128C028}
		{AFB33AD8-B0EB-4863-A9C9-99337C405212} = {98D2E409-B686-42EC-897D-3059A128C028}
		{40214E8F-1633-4B8D-99E8-73006226F85C} = {98D2E409-B686-42EC-897D-3059A128C028}
		{7BCC6B43-33AB-459E-8804-3AC9F020F8DE} = {24C48E0F-25AA-4E9A-B9C6-2C2C367CE5C7}
		{0040AE5C-0944-424F-B695-D0D3705CFBC2} = {24C48E0F-25AA-4E9A-B9C6-2C2C367CE5C7}
		{8FAFE6E4-FE7C-4BA2-9C81-EE4BC53A8AD2} = {24C48E0F-25AA-4E9A-B9C6-2C2C367CE5C7}
		{1F4003A0-11EC-40ED-9E21-A300C2DBCCF0} = {18324566-9041-4738-A130-62817420CC7E}
		{E4B65016-8AF0-4694-A232-1D88747EDA95} = {18324566-9041-4738-A130-62817420CC7E}
		{DCA428A2-0711-4276-95B6-E0E84F365DA4} = {18324566-9041-4738-A130-62817420CC7E}
		{F434C809-21EC-4CB5-95F7-29FD29BAF2AA} = {18324566-9041-4738-A130-62817420CC7E}
		{76CA3AAE-268E-4308-8675-14BB03C3274D} = {A18241BD-1F55-4CFE-BA3A-DAE4A2634AD9}
		{4498CA9F-D8CC-4651-A642-D8C57FEE8875} = {A18241BD-1F55-4CFE-BA3A-DAE4A2634AD9}
		{007FBABC-1594-4846-937E-C36FA7BAF2BF} = {A18241BD-1F55-4CFE-BA3A-DAE4A2634AD9}
		{AB450B00-479B-4527-89B7-9E21A6576DCB} = {A18241BD-1F55-4CFE-BA3A-DAE4A2634AD9}
		{69F17405-4D40-41C0-AD08-72B5B2203C02} = {A18241BD-1F55-4CFE-BA3A-DAE4A2634AD9}
		{5F3A553B-49A8-4554-8B2A-C04E32030C46} = {326400BC-A103-4F1C-8700-CA62EAFE7732}
		{4868EC59-9D36-4440-BE51-092BA087CB8D} = {326400BC-A103-4F1C-8700-CA62EAFE7732}
		{F3F419F5-E903-4D46-BE77-C6FB11670392} = {326400BC-A103-4F1C-8700-CA62EAFE7732}
		{D29C4AA7-B0CE-496D-A03D-16E27BB9C5F4} = {326400BC-A103-4F1C-8700-CA62EAFE7732}
		{9AC7549B-64D9-458B-A722-679A8348DAAA} = {B01F102D-3A91-4DC7-A26E-137EE484DF00}
		{5BCF4DCB-3BCA-4BC5-A30B-F29372DBB5D5} = {B01F102D-3A91-4DC7-A26E-137EE484DF00}
		{EC72D3C8-909E-40E0-B97B-606418997565} = {B01F102D-3A91-4DC7-A26E-137EE484DF00}
		{06597B21-FA20-4D1A-A520-0679287AA572} = {B01F102D-3A91-4DC7-A26E-137EE484DF00}
		{1871D562-32C0-4A4F-87ED-2C9E67619017} = {B3052874-F8A3-4C75-B5B1-06A452CD6002}
		{1E057CFE-E2FC-4B7C-8F5B-9F72F8CA83FD} = {B3052874-F8A3-4C75-B5B1-06A452CD6002}
		{0B4A1C1B-F497-4453-89AE-4970CF49E046} = {B3052874-F8A3-4C75-B5B1-06A452CD6002}
		{12E2F284-7798-4048-948B-FF553B83FAA3} = {CE05D5EA-D7E7-4A6A-A872-10E5F1A73345}
		{13E530DB-D2F5-4911-91E1-DD5FB22CC1C4} = {CE05D5EA-D7E7-4A6A-A872-10E5F1A73345}
		{D7B5262C-1D2E-4D59-A8A8-3E22620CB6E4} = {CE05D5EA-D7E7-4A6A-A872-10E5F1A73345}
		{2624531F-D443-4A5C-8A68-B02A1FD1347B} = {CE05D5EA-D7E7-4A6A-A872-10E5F1A73345}
		{8BDB2A41-BB01-4D82-A92C-D594C8BF3112} = {CE05D5EA-D7E7-4A6A-A872-10E5F1A73345}
		{3845349C-8100-4B39-A4A4-38B28EED9A3B} = {AC83AFF2-2406-4690-917A-D36FCA1087F2}
		{BB1E6C3C-8578-4292-8A5C-F2B0FE54B0BB} = {AC83AFF2-2406-4690-917A-D36FCA1087F2}
		{D454E835-2428-4AD8-B90C-DDE8D78578B0} = {AC83AFF2-2406-4690-917A-D36FCA1087F2}
		{B253AEEA-BC48-4BFA-A99E-DF8B41FA2EB8} = {35CADCC6-812C-4B8E-BD1F-707A417BB677}
		{FA98C5C0-3A1D-4FE0-AD49-D88138408DDF} = {35CADCC6-812C-4B8E-BD1F-707A417BB677}
		{63B49631-5186-4191-8386-7B5B39886B42} = {35CADCC6-812C-4B8E-BD1F-707A417BB677}
		{906F1182-09D9-4B56-861B-4BC486B68A15} = {681AA2C7-E3A0-41E6-9574-A8CD4CE35AB9}
		{820EE29C-B848-4473-BECF-430F9BCD2CCE} = {681AA2C7-E3A0-41E6-9574-A8CD4CE35AB9}
		{0C2C4F84-ADFB-4135-B443-126E62AF605D} = {681AA2C7-E3A0-41E6-9574-A8CD4CE35AB9}
		{46D992D3-51E2-4162-A291-12B3E1C5AC1C} = {681AA2C7-E3A0-41E6-9574-A8CD4CE35AB9}
	EndGlobalSection
	GlobalSection(ExtensibilityGlobals) = postSolution
		SolutionGuid = {07CAB02E-CBB3-4DA8-8A74-D803AB89630C}
	EndGlobalSection
EndGlobal
